
Microsoft Visual Studio Solution File, Format Version 12.00
# Visual Studio Version 17
VisualStudioVersion = 17.3.32505.426
MinimumVisualStudioVersion = 10.0.40219.1
Project("{9A19103F-16F7-4668-BE54-9A1E7A4F7556}") = "AnimalShelterCore", "AnimalShelter\AnimalShelterCore.csproj", "{803C29DC-C4FF-44D3-B4AC-9DBAA02248A8}"
EndProject
Project("{9A19103F-16F7-4668-BE54-9A1E7A4F7556}") = "Plugins.DataAnimals.InMemory", "Plugins.DataAnimals.InMemory\Plugins.DataAnimals.InMemory.csproj", "{AB577916-3901-4618-A805-D745285D6651}"
EndProject
Project("{9A19103F-16F7-4668-BE54-9A1E7A4F7556}") = "Plugins.DataAnimals.Sql.Repositories", "Plugins.DataAnimals.Sql.Repositories\Plugins.DataAnimals.Sql.Repositories.csproj", "{2BF2BA1E-CBDB-40C8-93A1-D141678A31FB}"
EndProject
Project("{9A19103F-16F7-4668-BE54-9A1E7A4F7556}") = "UseCases", "UseCases\UseCases.csproj", "{D2F1C1F6-A303-4A4D-ABB9-9806ED8E69A0}"
EndProject
Project("{9A19103F-16F7-4668-BE54-9A1E7A4F7556}") = "AnimalsWebApp", "AnimalsWebApp\AnimalsWebApp.csproj", "{1F6F9137-DD05-48E8-987F-CABE83319CB9}"
EndProject
Global
	GlobalSection(SolutionConfigurationPlatforms) = preSolution
		Debug|Any CPU = Debug|Any CPU
		Release|Any CPU = Release|Any CPU
	EndGlobalSection
	GlobalSection(ProjectConfigurationPlatforms) = postSolution
		{803C29DC-C4FF-44D3-B4AC-9DBAA02248A8}.Debug|Any CPU.ActiveCfg = Debug|Any CPU
		{803C29DC-C4FF-44D3-B4AC-9DBAA02248A8}.Debug|Any CPU.Build.0 = Debug|Any CPU
		{803C29DC-C4FF-44D3-B4AC-9DBAA02248A8}.Release|Any CPU.ActiveCfg = Release|Any CPU
		{803C29DC-C4FF-44D3-B4AC-9DBAA02248A8}.Release|Any CPU.Build.0 = Release|Any CPU
		{AB577916-3901-4618-A805-D745285D6651}.Debug|Any CPU.ActiveCfg = Debug|Any CPU
		{AB577916-3901-4618-A805-D745285D6651}.Debug|Any CPU.Build.0 = Debug|Any CPU
		{AB577916-3901-4618-A805-D745285D6651}.Release|Any CPU.ActiveCfg = Release|Any CPU
		{AB577916-3901-4618-A805-D745285D6651}.Release|Any CPU.Build.0 = Release|Any CPU
		{2BF2BA1E-CBDB-40C8-93A1-D141678A31FB}.Debug|Any CPU.ActiveCfg = Debug|Any CPU
		{2BF2BA1E-CBDB-40C8-93A1-D141678A31FB}.Debug|Any CPU.Build.0 = Debug|Any CPU
		{2BF2BA1E-CBDB-40C8-93A1-D141678A31FB}.Release|Any CPU.ActiveCfg = Release|Any CPU
		{2BF2BA1E-CBDB-40C8-93A1-D141678A31FB}.Release|Any CPU.Build.0 = Release|Any CPU
		{D2F1C1F6-A303-4A4D-ABB9-9806ED8E69A0}.Debug|Any CPU.ActiveCfg = Debug|Any CPU
		{D2F1C1F6-A303-4A4D-ABB9-9806ED8E69A0}.Debug|Any CPU.Build.0 = Debug|Any CPU
		{D2F1C1F6-A303-4A4D-ABB9-9806ED8E69A0}.Release|Any CPU.ActiveCfg = Release|Any CPU
		{D2F1C1F6-A303-4A4D-ABB9-9806ED8E69A0}.Release|Any CPU.Build.0 = Release|Any CPU
		{1F6F9137-DD05-48E8-987F-CABE83319CB9}.Debug|Any CPU.ActiveCfg = Debug|Any CPU
		{1F6F9137-DD05-48E8-987F-CABE83319CB9}.Debug|Any CPU.Build.0 = Debug|Any CPU
		{1F6F9137-DD05-48E8-987F-CABE83319CB9}.Release|Any CPU.ActiveCfg = Release|Any CPU
		{1F6F9137-DD05-48E8-987F-CABE83319CB9}.Release|Any CPU.Build.0 = Release|Any CPU
	EndGlobalSection
	GlobalSection(SolutionProperties) = preSolution
		HideSolutionNode = FALSE
	EndGlobalSection
	GlobalSection(ExtensibilityGlobals) = postSolution
		SolutionGuid = {C8D9A7D2-B839-4579-B325-019031962660}
	EndGlobalSection
EndGlobal
